
Microsoft Visual Studio Solution File, Format Version 12.00
# Visual Studio 2013
VisualStudioVersion = 12.0.40629.0
MinimumVisualStudioVersion = 10.0.40219.1
Project("{FAE04EC0-301F-11D3-BF4B-00C04F79EFBC}") = "TestUsing", "Using_FinallyAndException\TestUsing\TestUsing.csproj", "{E2D180DF-6FC7-48C1-94E4-343A8EBC4B71}"
EndProject
Project("{FAE04EC0-301F-11D3-BF4B-00C04F79EFBC}") = "Leak", "Leak\Leak.csproj", "{386AC6B9-EA5A-4DCE-A2EC-C661826FB532}"
EndProject
Project("{FAE04EC0-301F-11D3-BF4B-00C04F79EFBC}") = "testUsingConn", "Using_FinallyAndException\testUsingConn\testUsingConn.csproj", "{7FC6B58A-D582-464E-846B-C23D1346BF63}"
EndProject
Project("{2150E333-8FDC-42A3-9474-1A3956D46DE8}") = "Reflection", "Reflection", "{1EFEE745-3588-4D2B-8B31-285A7FDBE2DA}"
EndProject
Project("{FAE04EC0-301F-11D3-BF4B-00C04F79EFBC}") = "UseReflection", "Reflection\UseReflection\UseReflection.csproj", "{23AEA37F-DF2B-4731-B239-F08CCF3EE7CA}"
EndProject
Project("{FAE04EC0-301F-11D3-BF4B-00C04F79EFBC}") = "InvokeWithoutReflection", "Reflection\InvokeWithoutReflection\InvokeWithoutReflection.csproj", "{F33167FB-9906-4265-BC25-B586258693D0}"
EndProject
Project("{FAE04EC0-301F-11D3-BF4B-00C04F79EFBC}") = "TargetLab", "Reflection\TargetLab\TargetLab.csproj", "{D849D1D5-485F-4156-8E98-909427DEC988}"
EndProject
Project("{FAE04EC0-301F-11D3-BF4B-00C04F79EFBC}") = "SingleInvoke", "Reflection\SingleInvoke\SingleInvoke.csproj", "{A4E1EE24-C057-4055-8085-57E3E0B53F89}"
EndProject
Project("{2150E333-8FDC-42A3-9474-1A3956D46DE8}") = "StringPerformance", "StringPerformance", "{B6DF01E5-AB4D-47C5-933F-883B3EAD4287}"
EndProject
Project("{FAE04EC0-301F-11D3-BF4B-00C04F79EFBC}") = "stringPerformance", "StringPerformance\stringPerformance\stringPerformance.csproj", "{FBA5D835-84EA-4163-B416-EBDF0725A304}"
EndProject
Project("{FAE04EC0-301F-11D3-BF4B-00C04F79EFBC}") = "StringBuilderPerformance", "StringPerformance\StringBuilderPerformance\StringBuilderPerformance.csproj", "{959D7963-65B2-4625-9DF6-37ECAA28D429}"
EndProject
Project("{FAE04EC0-301F-11D3-BF4B-00C04F79EFBC}") = "testTryFinally", "Using_FinallyAndException\testTryFinally\testTryFinally.csproj", "{23392A44-ED70-4A3C-B616-AE5E4D5D3B39}"
EndProject
Project("{2150E333-8FDC-42A3-9474-1A3956D46DE8}") = "Using_FinallyAndException", "Using_FinallyAndException", "{4A37C7BD-B5E2-4013-B679-3B4479BAA7DB}"
EndProject
Project("{FAE04EC0-301F-11D3-BF4B-00C04F79EFBC}") = "UseFinalize", "Using_FinallyAndException\UseFinalize\UseFinalize.csproj", "{96EEC4DF-B8B1-491C-A634-16CBB377C3C1}"
EndProject
Project("{FAE04EC0-301F-11D3-BF4B-00C04F79EFBC}") = "TestCA", "ShowCA\TestCA\TestCA.csproj", "{96F8C24C-2512-419C-8B5D-AA6EFD63404D}"
EndProject
Project("{2150E333-8FDC-42A3-9474-1A3956D46DE8}") = "ShowCA", "ShowCA", "{545FE416-EF38-4A8C-AFCF-50219D3B602D}"
EndProject
Project("{FAE04EC0-301F-11D3-BF4B-00C04F79EFBC}") = "UsageLibrary", "ShowCA\UsageLibrary\UsageLibrary.csproj", "{0F7F96D0-7172-4900-A302-F39E37C37D6D}"
EndProject
Project("{FAE04EC0-301F-11D3-BF4B-00C04F79EFBC}") = "TestCA1033", "ShowCA\TestCA1033\TestCA1033.csproj", "{DBCA0B64-1D40-483E-841A-C90715816CED}"
EndProject
Project("{FAE04EC0-301F-11D3-BF4B-00C04F79EFBC}") = "TestCA1000", "ShowCA\TestCA1000\TestCA1000.csproj", "{128630C9-468C-4A87-9A19-18C9B5A5427F}"
EndProject
Project("{FAE04EC0-301F-11D3-BF4B-00C04F79EFBC}") = "MSDTC", "DataBase\MSDTC\MSDTC.csproj", "{837AA92A-432C-45D1-BE28-AA82DB219400}"
EndProject
Project("{2150E333-8FDC-42A3-9474-1A3956D46DE8}") = "Architecture", "Architecture", "{B439B82E-1EE1-452F-B73A-8CA99D109B1C}"
EndProject
Project("{2150E333-8FDC-42A3-9474-1A3956D46DE8}") = "DataBase", "DataBase", "{EEFFD9D3-15CF-4B28-A882-76DA6C35E894}"
EndProject
Project("{FAE04EC0-301F-11D3-BF4B-00C04F79EFBC}") = "CA1725_Parameter names should match base declaration", "ShowCA\CA1725_Parameter names should match base declaration\CA1725_Parameter names should match base declaration.csproj", "{EA536243-9FAB-431E-96ED-F3C011CFFC99}"
EndProject
Project("{FAE04EC0-301F-11D3-BF4B-00C04F79EFBC}") = "TestDataReader", "DataBase\TestDataReader\TestDataReader.csproj", "{1F554C15-5B7E-41C8-9EC6-F55098E971C0}"
EndProject
Project("{FAE04EC0-301F-11D3-BF4B-00C04F79EFBC}") = "TestDataAdapter", "DataBase\TestDataAdapter\TestDataAdapter.csproj", "{579856A8-9C64-42D6-B4BC-CBE89F9F2EE2}"
EndProject
Global
	GlobalSection(SolutionConfigurationPlatforms) = preSolution
		Debug|Any CPU = Debug|Any CPU
		Release|Any CPU = Release|Any CPU
	EndGlobalSection
	GlobalSection(ProjectConfigurationPlatforms) = postSolution
		{E2D180DF-6FC7-48C1-94E4-343A8EBC4B71}.Debug|Any CPU.ActiveCfg = Debug|Any CPU
		{E2D180DF-6FC7-48C1-94E4-343A8EBC4B71}.Debug|Any CPU.Build.0 = Debug|Any CPU
		{E2D180DF-6FC7-48C1-94E4-343A8EBC4B71}.Release|Any CPU.ActiveCfg = Release|Any CPU
		{E2D180DF-6FC7-48C1-94E4-343A8EBC4B71}.Release|Any CPU.Build.0 = Release|Any CPU
		{386AC6B9-EA5A-4DCE-A2EC-C661826FB532}.Debug|Any CPU.ActiveCfg = Debug|Any CPU
		{386AC6B9-EA5A-4DCE-A2EC-C661826FB532}.Debug|Any CPU.Build.0 = Debug|Any CPU
		{386AC6B9-EA5A-4DCE-A2EC-C661826FB532}.Release|Any CPU.ActiveCfg = Release|Any CPU
		{386AC6B9-EA5A-4DCE-A2EC-C661826FB532}.Release|Any CPU.Build.0 = Release|Any CPU
		{7FC6B58A-D582-464E-846B-C23D1346BF63}.Debug|Any CPU.ActiveCfg = Debug|Any CPU
		{7FC6B58A-D582-464E-846B-C23D1346BF63}.Debug|Any CPU.Build.0 = Debug|Any CPU
		{7FC6B58A-D582-464E-846B-C23D1346BF63}.Release|Any CPU.ActiveCfg = Release|Any CPU
		{7FC6B58A-D582-464E-846B-C23D1346BF63}.Release|Any CPU.Build.0 = Release|Any CPU
		{23AEA37F-DF2B-4731-B239-F08CCF3EE7CA}.Debug|Any CPU.ActiveCfg = Debug|Any CPU
		{23AEA37F-DF2B-4731-B239-F08CCF3EE7CA}.Debug|Any CPU.Build.0 = Debug|Any CPU
		{23AEA37F-DF2B-4731-B239-F08CCF3EE7CA}.Release|Any CPU.ActiveCfg = Release|Any CPU
		{23AEA37F-DF2B-4731-B239-F08CCF3EE7CA}.Release|Any CPU.Build.0 = Release|Any CPU
		{F33167FB-9906-4265-BC25-B586258693D0}.Debug|Any CPU.ActiveCfg = Debug|Any CPU
		{F33167FB-9906-4265-BC25-B586258693D0}.Debug|Any CPU.Build.0 = Debug|Any CPU
		{F33167FB-9906-4265-BC25-B586258693D0}.Release|Any CPU.ActiveCfg = Release|Any CPU
		{F33167FB-9906-4265-BC25-B586258693D0}.Release|Any CPU.Build.0 = Release|Any CPU
		{D849D1D5-485F-4156-8E98-909427DEC988}.Debug|Any CPU.ActiveCfg = Debug|Any CPU
		{D849D1D5-485F-4156-8E98-909427DEC988}.Debug|Any CPU.Build.0 = Debug|Any CPU
		{D849D1D5-485F-4156-8E98-909427DEC988}.Release|Any CPU.ActiveCfg = Release|Any CPU
		{D849D1D5-485F-4156-8E98-909427DEC988}.Release|Any CPU.Build.0 = Release|Any CPU
		{A4E1EE24-C057-4055-8085-57E3E0B53F89}.Debug|Any CPU.ActiveCfg = Debug|Any CPU
		{A4E1EE24-C057-4055-8085-57E3E0B53F89}.Debug|Any CPU.Build.0 = Debug|Any CPU
		{A4E1EE24-C057-4055-8085-57E3E0B53F89}.Release|Any CPU.ActiveCfg = Release|Any CPU
		{A4E1EE24-C057-4055-8085-57E3E0B53F89}.Release|Any CPU.Build.0 = Release|Any CPU
		{FBA5D835-84EA-4163-B416-EBDF0725A304}.Debug|Any CPU.ActiveCfg = Debug|Any CPU
		{FBA5D835-84EA-4163-B416-EBDF0725A304}.Debug|Any CPU.Build.0 = Debug|Any CPU
		{FBA5D835-84EA-4163-B416-EBDF0725A304}.Release|Any CPU.ActiveCfg = Release|Any CPU
		{FBA5D835-84EA-4163-B416-EBDF0725A304}.Release|Any CPU.Build.0 = Release|Any CPU
		{959D7963-65B2-4625-9DF6-37ECAA28D429}.Debug|Any CPU.ActiveCfg = Debug|Any CPU
		{959D7963-65B2-4625-9DF6-37ECAA28D429}.Debug|Any CPU.Build.0 = Debug|Any CPU
		{959D7963-65B2-4625-9DF6-37ECAA28D429}.Release|Any CPU.ActiveCfg = Release|Any CPU
		{959D7963-65B2-4625-9DF6-37ECAA28D429}.Release|Any CPU.Build.0 = Release|Any CPU
		{23392A44-ED70-4A3C-B616-AE5E4D5D3B39}.Debug|Any CPU.ActiveCfg = Debug|Any CPU
		{23392A44-ED70-4A3C-B616-AE5E4D5D3B39}.Debug|Any CPU.Build.0 = Debug|Any CPU
		{23392A44-ED70-4A3C-B616-AE5E4D5D3B39}.Release|Any CPU.ActiveCfg = Release|Any CPU
		{23392A44-ED70-4A3C-B616-AE5E4D5D3B39}.Release|Any CPU.Build.0 = Release|Any CPU
		{96EEC4DF-B8B1-491C-A634-16CBB377C3C1}.Debug|Any CPU.ActiveCfg = Debug|Any CPU
		{96EEC4DF-B8B1-491C-A634-16CBB377C3C1}.Debug|Any CPU.Build.0 = Debug|Any CPU
		{96EEC4DF-B8B1-491C-A634-16CBB377C3C1}.Release|Any CPU.ActiveCfg = Release|Any CPU
		{96EEC4DF-B8B1-491C-A634-16CBB377C3C1}.Release|Any CPU.Build.0 = Release|Any CPU
		{96F8C24C-2512-419C-8B5D-AA6EFD63404D}.Debug|Any CPU.ActiveCfg = Debug|Any CPU
		{96F8C24C-2512-419C-8B5D-AA6EFD63404D}.Debug|Any CPU.Build.0 = Debug|Any CPU
		{96F8C24C-2512-419C-8B5D-AA6EFD63404D}.Release|Any CPU.ActiveCfg = Release|Any CPU
		{96F8C24C-2512-419C-8B5D-AA6EFD63404D}.Release|Any CPU.Build.0 = Release|Any CPU
		{0F7F96D0-7172-4900-A302-F39E37C37D6D}.Debug|Any CPU.ActiveCfg = Debug|Any CPU
		{0F7F96D0-7172-4900-A302-F39E37C37D6D}.Debug|Any CPU.Build.0 = Debug|Any CPU
		{0F7F96D0-7172-4900-A302-F39E37C37D6D}.Release|Any CPU.ActiveCfg = Release|Any CPU
		{0F7F96D0-7172-4900-A302-F39E37C37D6D}.Release|Any CPU.Build.0 = Release|Any CPU
		{DBCA0B64-1D40-483E-841A-C90715816CED}.Debug|Any CPU.ActiveCfg = Debug|Any CPU
		{DBCA0B64-1D40-483E-841A-C90715816CED}.Debug|Any CPU.Build.0 = Debug|Any CPU
		{DBCA0B64-1D40-483E-841A-C90715816CED}.Release|Any CPU.ActiveCfg = Release|Any CPU
		{DBCA0B64-1D40-483E-841A-C90715816CED}.Release|Any CPU.Build.0 = Release|Any CPU
		{128630C9-468C-4A87-9A19-18C9B5A5427F}.Debug|Any CPU.ActiveCfg = Debug|Any CPU
		{128630C9-468C-4A87-9A19-18C9B5A5427F}.Debug|Any CPU.Build.0 = Debug|Any CPU
		{128630C9-468C-4A87-9A19-18C9B5A5427F}.Release|Any CPU.ActiveCfg = Release|Any CPU
		{128630C9-468C-4A87-9A19-18C9B5A5427F}.Release|Any CPU.Build.0 = Release|Any CPU
		{837AA92A-432C-45D1-BE28-AA82DB219400}.Debug|Any CPU.ActiveCfg = Debug|Any CPU
		{837AA92A-432C-45D1-BE28-AA82DB219400}.Debug|Any CPU.Build.0 = Debug|Any CPU
		{837AA92A-432C-45D1-BE28-AA82DB219400}.Release|Any CPU.ActiveCfg = Release|Any CPU
		{837AA92A-432C-45D1-BE28-AA82DB219400}.Release|Any CPU.Build.0 = Release|Any CPU
		{EA536243-9FAB-431E-96ED-F3C011CFFC99}.Debug|Any CPU.ActiveCfg = Debug|Any CPU
		{EA536243-9FAB-431E-96ED-F3C011CFFC99}.Debug|Any CPU.Build.0 = Debug|Any CPU
		{EA536243-9FAB-431E-96ED-F3C011CFFC99}.Release|Any CPU.ActiveCfg = Release|Any CPU
		{EA536243-9FAB-431E-96ED-F3C011CFFC99}.Release|Any CPU.Build.0 = Release|Any CPU
		{1F554C15-5B7E-41C8-9EC6-F55098E971C0}.Debug|Any CPU.ActiveCfg = Debug|Any CPU
		{1F554C15-5B7E-41C8-9EC6-F55098E971C0}.Debug|Any CPU.Build.0 = Debug|Any CPU
		{1F554C15-5B7E-41C8-9EC6-F55098E971C0}.Release|Any CPU.ActiveCfg = Release|Any CPU
		{1F554C15-5B7E-41C8-9EC6-F55098E971C0}.Release|Any CPU.Build.0 = Release|Any CPU
		{579856A8-9C64-42D6-B4BC-CBE89F9F2EE2}.Debug|Any CPU.ActiveCfg = Debug|Any CPU
		{579856A8-9C64-42D6-B4BC-CBE89F9F2EE2}.Debug|Any CPU.Build.0 = Debug|Any CPU
		{579856A8-9C64-42D6-B4BC-CBE89F9F2EE2}.Release|Any CPU.ActiveCfg = Release|Any CPU
		{579856A8-9C64-42D6-B4BC-CBE89F9F2EE2}.Release|Any CPU.Build.0 = Release|Any CPU
	EndGlobalSection
	GlobalSection(SolutionProperties) = preSolution
		HideSolutionNode = FALSE
	EndGlobalSection
	GlobalSection(NestedProjects) = preSolution
		{E2D180DF-6FC7-48C1-94E4-343A8EBC4B71} = {4A37C7BD-B5E2-4013-B679-3B4479BAA7DB}
		{7FC6B58A-D582-464E-846B-C23D1346BF63} = {4A37C7BD-B5E2-4013-B679-3B4479BAA7DB}
		{23AEA37F-DF2B-4731-B239-F08CCF3EE7CA} = {1EFEE745-3588-4D2B-8B31-285A7FDBE2DA}
		{F33167FB-9906-4265-BC25-B586258693D0} = {1EFEE745-3588-4D2B-8B31-285A7FDBE2DA}
		{D849D1D5-485F-4156-8E98-909427DEC988} = {1EFEE745-3588-4D2B-8B31-285A7FDBE2DA}
		{A4E1EE24-C057-4055-8085-57E3E0B53F89} = {1EFEE745-3588-4D2B-8B31-285A7FDBE2DA}
		{FBA5D835-84EA-4163-B416-EBDF0725A304} = {B6DF01E5-AB4D-47C5-933F-883B3EAD4287}
		{959D7963-65B2-4625-9DF6-37ECAA28D429} = {B6DF01E5-AB4D-47C5-933F-883B3EAD4287}
		{23392A44-ED70-4A3C-B616-AE5E4D5D3B39} = {4A37C7BD-B5E2-4013-B679-3B4479BAA7DB}
		{96EEC4DF-B8B1-491C-A634-16CBB377C3C1} = {4A37C7BD-B5E2-4013-B679-3B4479BAA7DB}
		{96F8C24C-2512-419C-8B5D-AA6EFD63404D} = {545FE416-EF38-4A8C-AFCF-50219D3B602D}
		{0F7F96D0-7172-4900-A302-F39E37C37D6D} = {545FE416-EF38-4A8C-AFCF-50219D3B602D}
		{DBCA0B64-1D40-483E-841A-C90715816CED} = {545FE416-EF38-4A8C-AFCF-50219D3B602D}
		{128630C9-468C-4A87-9A19-18C9B5A5427F} = {545FE416-EF38-4A8C-AFCF-50219D3B602D}
		{837AA92A-432C-45D1-BE28-AA82DB219400} = {EEFFD9D3-15CF-4B28-A882-76DA6C35E894}
		{EA536243-9FAB-431E-96ED-F3C011CFFC99} = {545FE416-EF38-4A8C-AFCF-50219D3B602D}
		{1F554C15-5B7E-41C8-9EC6-F55098E971C0} = {EEFFD9D3-15CF-4B28-A882-76DA6C35E894}
		{579856A8-9C64-42D6-B4BC-CBE89F9F2EE2} = {EEFFD9D3-15CF-4B28-A882-76DA6C35E894}
	EndGlobalSection
EndGlobal
